{
  "name": "d4-aspect-tracker",
  "lockfileVersion": 3,
  "requires": true,
  "packages": {
    "": {
      "devDependencies": {
        "@tsconfig/svelte": "^5.0.2"
      }
    },
    "node_modules/@tsconfig/svelte": {
      "version": "5.0.2",
      "resolved": "https://registry.npmjs.org/@tsconfig/svelte/-/svelte-5.0.2.tgz",
      "integrity": "sha512-BRbo1fOtyVbhfLyuCWw6wAWp+U8UQle+ZXu84MYYWzYSEB28dyfnRBIE99eoG+qdAC0po6L2ScIEivcT07UaMA==",
      "dev": true
    }
  }
}
